
Microsoft Visual Studio Solution File, Format Version 12.00
Project("{FAE04EC0-301F-11D3-BF4B-00C04F79EFBC}") = "dotnet-minecraft-data", "dotnet-minecraft-data.csproj", "{223DC37E-DA28-4E67-8FB6-A3542BAD6A09}"
EndProject
Project("{FAE04EC0-301F-11D3-BF4B-00C04F79EFBC}") = "dotnet-minecraft-data-test", "..\dotnet-minecraft-data-test\dotnet-minecraft-data-test.csproj", "{292157C7-BC5C-408D-8A11-09D6453068EA}"
EndProject
Global
	GlobalSection(SolutionConfigurationPlatforms) = preSolution
		Debug|Any CPU = Debug|Any CPU
		Release|Any CPU = Release|Any CPU
	EndGlobalSection
	GlobalSection(ProjectConfigurationPlatforms) = postSolution
		{223DC37E-DA28-4E67-8FB6-A3542BAD6A09}.Debug|Any CPU.ActiveCfg = Debug|Any CPU
		{223DC37E-DA28-4E67-8FB6-A3542BAD6A09}.Debug|Any CPU.Build.0 = Debug|Any CPU
		{223DC37E-DA28-4E67-8FB6-A3542BAD6A09}.Release|Any CPU.ActiveCfg = Release|Any CPU
		{223DC37E-DA28-4E67-8FB6-A3542BAD6A09}.Release|Any CPU.Build.0 = Release|Any CPU
		{292157C7-BC5C-408D-8A11-09D6453068EA}.Debug|Any CPU.ActiveCfg = Debug|Any CPU
		{292157C7-BC5C-408D-8A11-09D6453068EA}.Debug|Any CPU.Build.0 = Debug|Any CPU
		{292157C7-BC5C-408D-8A11-09D6453068EA}.Release|Any CPU.ActiveCfg = Release|Any CPU
		{292157C7-BC5C-408D-8A11-09D6453068EA}.Release|Any CPU.Build.0 = Release|Any CPU
	EndGlobalSection
EndGlobal
